// !$*UTF8*$!
{
	archiveVersion = 1;
	classes = {
	};
	objectVersion = 50;
	objects = {

/* Begin PBXBuildFile section */
		A0C1FD0420A94C6800039005 /* AppDelegate.swift in Sources */ = {isa = PBXBuildFile; fileRef = A0C1FD0320A94C6800039005 /* AppDelegate.swift */; };
		A0C1FD0620A94C6800039005 /* ViewController.swift in Sources */ = {isa = PBXBuildFile; fileRef = A0C1FD0520A94C6800039005 /* ViewController.swift */; };
		A0C1FD0920A94C6800039005 /* Main.storyboard in Resources */ = {isa = PBXBuildFile; fileRef = A0C1FD0720A94C6800039005 /* Main.storyboard */; };
		A0C1FD0B20A94C6900039005 /* Assets.xcassets in Resources */ = {isa = PBXBuildFile; fileRef = A0C1FD0A20A94C6900039005 /* Assets.xcassets */; };
		A0C1FD0E20A94C6900039005 /* LaunchScreen.storyboard in Resources */ = {isa = PBXBuildFile; fileRef = A0C1FD0C20A94C6900039005 /* LaunchScreen.storyboard */; };
		A0C1FD1920A94C6A00039005 /* BinaryCounterTests.swift in Sources */ = {isa = PBXBuildFile; fileRef = A0C1FD1820A94C6A00039005 /* BinaryCounterTests.swift */; };
		A0C1FD2420A94C6A00039005 /* BinaryCounterUITests.swift in Sources */ = {isa = PBXBuildFile; fileRef = A0C1FD2320A94C6A00039005 /* BinaryCounterUITests.swift */; };
/* End PBXBuildFile section */

/* Begin PBXContainerItemProxy section */
		A0C1FD1520A94C6A00039005 /* PBXContainerItemProxy */ = {
			isa = PBXContainerItemProxy;
			containerPortal = A0C1FCF820A94C6800039005 /* Project object */;
			proxyType = 1;
			remoteGlobalIDString = A0C1FCFF20A94C6800039005;
			remoteInfo = BinaryCounter;
		};
		A0C1FD2020A94C6A00039005 /* PBXContainerItemProxy */ = {
			isa = PBXContainerItemProxy;
			containerPortal = A0C1FCF820A94C6800039005 /* Project object */;
			proxyType = 1;
			remoteGlobalIDString = A0C1FCFF20A94C6800039005;
			remoteInfo = BinaryCounter;
		};
/* End PBXContainerItemProxy section */

/* Begin PBXFileReference section */
		A0C1FD0020A94C6800039005 /* BinaryCounter.app */ = {isa = PBXFileReference; explicitFileType = wrapper.application; includeInIndex = 0; path = BinaryCounter.app; sourceTree = BUILT_PRODUCTS_DIR; };
		A0C1FD0320A94C6800039005 /* AppDelegate.swift */ = {isa = PBXFileReference; lastKnownFileType = sourcecode.swift; path = AppDelegate.swift; sourceTree = "<group>"; };
		A0C1FD0520A94C6800039005 /* ViewController.swift */ = {isa = PBXFileReference; lastKnownFileType = sourcecode.swift; path = ViewController.swift; sourceTree = "<group>"; };
		A0C1FD0820A94C6800039005 /* Base */ = {isa = PBXFileReference; lastKnownFileType = file.storyboard; name = Base; path = Base.lproj/Main.storyboard; sourceTree = "<group>"; };
		A0C1FD0A20A94C6900039005 /* Assets.xcassets */ = {isa = PBXFileReference; lastKnownFileType = folder.assetcatalog; path = Assets.xcassets; sourceTree = "<group>"; };
		A0C1FD0D20A94C6900039005 /* Base */ = {isa = PBXFileReference; lastKnownFileType = file.storyboard; name = Base; path = Base.lproj/LaunchScreen.storyboard; sourceTree = "<group>"; };
		A0C1FD0F20A94C6900039005 /* Info.plist */ = {isa = PBXFileReference; lastKnownFileType = text.plist.xml; path = Info.plist; sourceTree = "<group>"; };
		A0C1FD1420A94C6A00039005 /* BinaryCounterTests.xctest */ = {isa = PBXFileReference; explicitFileType = wrapper.cfbundle; includeInIndex = 0; path = BinaryCounterTests.xctest; sourceTree = BUILT_PRODUCTS_DIR; };
		A0C1FD1820A94C6A00039005 /* BinaryCounterTests.swift */ = {isa = PBXFileReference; lastKnownFileType = sourcecode.swift; path = BinaryCounterTests.swift; sourceTree = "<group>"; };
		A0C1FD1A20A94C6A00039005 /* Info.plist */ = {isa = PBXFileReference; lastKnownFileType = text.plist.xml; path = Info.plist; sourceTree = "<group>"; };
		A0C1FD1F20A94C6A00039005 /* BinaryCounterUITests.xctest */ = {isa = PBXFileReference; explicitFileType = wrapper.cfbundle; includeInIndex = 0; path = BinaryCounterUITests.xctest; sourceTree = BUILT_PRODUCTS_DIR; };
		A0C1FD2320A94C6A00039005 /* BinaryCounterUITests.swift */ = {isa = PBXFileReference; lastKnownFileType = sourcecode.swift; path = BinaryCounterUITests.swift; sourceTree = "<group>"; };
		A0C1FD2520A94C6A00039005 /* Info.plist */ = {isa = PBXFileReference; lastKnownFileType = text.plist.xml; path = Info.plist; sourceTree = "<group>"; };
/* End PBXFileReference section */

/* Begin PBXFrameworksBuildPhase section */
		A0C1FCFD20A94C6800039005 /* Frameworks */ = {
			isa = PBXFrameworksBuildPhase;
			buildActionMask = 2147483647;
			files = (
			);
			runOnlyForDeploymentPostprocessing = 0;
		};
		A0C1FD1120A94C6A00039005 /* Frameworks */ = {
			isa = PBXFrameworksBuildPhase;
			buildActionMask = 2147483647;
			files = (
			);
			runOnlyForDeploymentPostprocessing = 0;
		};
		A0C1FD1C20A94C6A00039005 /* Frameworks */ = {
			isa = PBXFrameworksBuildPhase;
			buildActionMask = 2147483647;
			files = (
			);
			runOnlyForDeploymentPostprocessing = 0;
		};
/* End PBXFrameworksBuildPhase section */

/* Begin PBXGroup section */
		A0C1FCF720A94C6800039005 = {
			isa = PBXGroup;
			children = (
				A0C1FD0220A94C6800039005 /* BinaryCounter */,
				A0C1FD1720A94C6A00039005 /* BinaryCounterTests */,
				A0C1FD2220A94C6A00039005 /* BinaryCounterUITests */,
				A0C1FD0120A94C6800039005 /* Products */,
			);
			sourceTree = "<group>";
		};
		A0C1FD0120A94C6800039005 /* Products */ = {
			isa = PBXGroup;
			children = (
				A0C1FD0020A94C6800039005 /* BinaryCounter.app */,
				A0C1FD1420A94C6A00039005 /* BinaryCounterTests.xctest */,
				A0C1FD1F20A94C6A00039005 /* BinaryCounterUITests.xctest */,
			);
			name = Products;
			sourceTree = "<group>";
		};
		A0C1FD0220A94C6800039005 /* BinaryCounter */ = {
			isa = PBXGroup;
			children = (
				A0C1FD0320A94C6800039005 /* AppDelegate.swift */,
				A0C1FD0520A94C6800039005 /* ViewController.swift */,
				A0C1FD0720A94C6800039005 /* Main.storyboard */,
				A0C1FD0A20A94C6900039005 /* Assets.xcassets */,
				A0C1FD0C20A94C6900039005 /* LaunchScreen.storyboard */,
				A0C1FD0F20A94C6900039005 /* Info.plist */,
			);
			path = BinaryCounter;
			sourceTree = "<group>";
		};
		A0C1FD1720A94C6A00039005 /* BinaryCounterTests */ = {
			isa = PBXGroup;
			children = (
				A0C1FD1820A94C6A00039005 /* BinaryCounterTests.swift */,
				A0C1FD1A20A94C6A00039005 /* Info.plist */,
			);
			path = BinaryCounterTests;
			sourceTree = "<group>";
		};
		A0C1FD2220A94C6A00039005 /* BinaryCounterUITests */ = {
			isa = PBXGroup;
			children = (
				A0C1FD2320A94C6A00039005 /* BinaryCounterUITests.swift */,
				A0C1FD2520A94C6A00039005 /* Info.plist */,
			);
			path = BinaryCounterUITests;
			sourceTree = "<group>";
		};
/* End PBXGroup section */

/* Begin PBXNativeTarget section */
		A0C1FCFF20A94C6800039005 /* BinaryCounter */ = {
			isa = PBXNativeTarget;
			buildConfigurationList = A0C1FD2820A94C6A00039005 /* Build configuration list for PBXNativeTarget "BinaryCounter" */;
			buildPhases = (
				A0C1FCFC20A94C6800039005 /* Sources */,
				A0C1FCFD20A94C6800039005 /* Frameworks */,
				A0C1FCFE20A94C6800039005 /* Resources */,
			);
			buildRules = (
			);
			dependencies = (
			);
			name = BinaryCounter;
			productName = BinaryCounter;
			productReference = A0C1FD0020A94C6800039005 /* BinaryCounter.app */;
			productType = "com.apple.product-type.application";
		};
		A0C1FD1320A94C6A00039005 /* BinaryCounterTests */ = {
			isa = PBXNativeTarget;
			buildConfigurationList = A0C1FD2B20A94C6A00039005 /* Build configuration list for PBXNativeTarget "BinaryCounterTests" */;
			buildPhases = (
				A0C1FD1020A94C6A00039005 /* Sources */,
				A0C1FD1120A94C6A00039005 /* Frameworks */,
				A0C1FD1220A94C6A00039005 /* Resources */,
			);
			buildRules = (
			);
			dependencies = (
				A0C1FD1620A94C6A00039005 /* PBXTargetDependency */,
			);
			name = BinaryCounterTests;
			productName = BinaryCounterTests;
			productReference = A0C1FD1420A94C6A00039005 /* BinaryCounterTests.xctest */;
			productType = "com.apple.product-type.bundle.unit-test";
		};
		A0C1FD1E20A94C6A00039005 /* BinaryCounterUITests */ = {
			isa = PBXNativeTarget;
			buildConfigurationList = A0C1FD2E20A94C6A00039005 /* Build configuration list for PBXNativeTarget "BinaryCounterUITests" */;
			buildPhases = (
				A0C1FD1B20A94C6A00039005 /* Sources */,
				A0C1FD1C20A94C6A00039005 /* Frameworks */,
				A0C1FD1D20A94C6A00039005 /* Resources */,
			);
			buildRules = (
			);
			dependencies = (
				A0C1FD2120A94C6A00039005 /* PBXTargetDependency */,
			);
			name = BinaryCounterUITests;
			productName = BinaryCounterUITests;
			productReference = A0C1FD1F20A94C6A00039005 /* BinaryCounterUITests.xctest */;
			productType = "com.apple.product-type.bundle.ui-testing";
		};
/* End PBXNativeTarget section */

/* Begin PBXProject section */
		A0C1FCF820A94C6800039005 /* Project object */ = {
			isa = PBXProject;
			attributes = {
				LastSwiftUpdateCheck = 0930;
				LastUpgradeCheck = 0930;
				ORGANIZATIONNAME = Alphie;
				TargetAttributes = {
					A0C1FCFF20A94C6800039005 = {
						CreatedOnToolsVersion = 9.3;
					};
					A0C1FD1320A94C6A00039005 = {
						CreatedOnToolsVersion = 9.3;
						TestTargetID = A0C1FCFF20A94C6800039005;
					};
					A0C1FD1E20A94C6A00039005 = {
						CreatedOnToolsVersion = 9.3;
						TestTargetID = A0C1FCFF20A94C6800039005;
					};
				};
			};
			buildConfigurationList = A0C1FCFB20A94C6800039005 /* Build configuration list for PBXProject "BinaryCounter" */;
			compatibilityVersion = "Xcode 9.3";
			developmentRegion = en;
			hasScannedForEncodings = 0;
			knownRegions = (
				en,
				Base,
			);
			mainGroup = A0C1FCF720A94C6800039005;
			productRefGroup = A0C1FD0120A94C6800039005 /* Products */;
			projectDirPath = "";
			projectRoot = "";
			targets = (
				A0C1FCFF20A94C6800039005 /* BinaryCounter */,
				A0C1FD1320A94C6A00039005 /* BinaryCounterTests */,
				A0C1FD1E20A94C6A00039005 /* BinaryCounterUITests */,
			);
		};
/* End PBXProject section */

/* Begin PBXResourcesBuildPhase section */
		A0C1FCFE20A94C6800039005 /* Resources */ = {
			isa = PBXResourcesBuildPhase;
			buildActionMask = 2147483647;
			files = (
				A0C1FD0E20A94C6900039005 /* LaunchScreen.storyboard in Resources */,
				A0C1FD0B20A94C6900039005 /* Assets.xcassets in Resources */,
				A0C1FD0920A94C6800039005 /* Main.storyboard in Resources */,
			);
			runOnlyForDeploymentPostprocessing = 0;
		};
		A0C1FD1220A94C6A00039005 /* Resources */ = {
			isa = PBXResourcesBuildPhase;
			buildActionMask = 2147483647;
			files = (
			);
			runOnlyForDeploymentPostprocessing = 0;
		};
		A0C1FD1D20A94C6A00039005 /* Resources */ = {
			isa = PBXResourcesBuildPhase;
			buildActionMask = 2147483647;
			files = (
			);
			runOnlyForDeploymentPostprocessing = 0;
		};
/* End PBXResourcesBuildPhase section */

/* Begin PBXSourcesBuildPhase section */
		A0C1FCFC20A94C6800039005 /* Sources */ = {
			isa = PBXSourcesBuildPhase;
			buildActionMask = 2147483647;
			files = (
				A0C1FD0620A94C6800039005 /* ViewController.swift in Sources */,
				A0C1FD0420A94C6800039005 /* AppDelegate.swift in Sources */,
			);
			runOnlyForDeploymentPostprocessing = 0;
		};
		A0C1FD1020A94C6A00039005 /* Sources */ = {
			isa = PBXSourcesBuildPhase;
			buildActionMask = 2147483647;
			files = (
				A0C1FD1920A94C6A00039005 /* BinaryCounterTests.swift in Sources */,
			);
			runOnlyForDeploymentPostprocessing = 0;
		};
		A0C1FD1B20A94C6A00039005 /* Sources */ = {
			isa = PBXSourcesBuildPhase;
			buildActionMask = 2147483647;
			files = (
				A0C1FD2420A94C6A00039005 /* BinaryCounterUITests.swift in Sources */,
			);
			runOnlyForDeploymentPostprocessing = 0;
		};
/* End PBXSourcesBuildPhase section */

/* Begin PBXTargetDependency section */
		A0C1FD1620A94C6A00039005 /* PBXTargetDependency */ = {
			isa = PBXTargetDependency;
			target = A0C1FCFF20A94C6800039005 /* BinaryCounter */;
			targetProxy = A0C1FD1520A94C6A00039005 /* PBXContainerItemProxy */;
		};
		A0C1FD2120A94C6A00039005 /* PBXTargetDependency */ = {
			isa = PBXTargetDependency;
			target = A0C1FCFF20A94C6800039005 /* BinaryCounter */;
			targetProxy = A0C1FD2020A94C6A00039005 /* PBXContainerItemProxy */;
		};
/* End PBXTargetDependency section */

/* Begin PBXVariantGroup section */
		A0C1FD0720A94C6800039005 /* Main.storyboard */ = {
			isa = PBXVariantGroup;
			children = (
				A0C1FD0820A94C6800039005 /* Base */,
			);
			name = Main.storyboard;
			sourceTree = "<group>";
		};
		A0C1FD0C20A94C6900039005 /* LaunchScreen.storyboard */ = {
			isa = PBXVariantGroup;
			children = (
				A0C1FD0D20A94C6900039005 /* Base */,
			);
			name = LaunchScreen.storyboard;
			sourceTree = "<group>";
		};
/* End PBXVariantGroup section */

/* Begin XCBuildConfiguration section */
		A0C1FD2620A94C6A00039005 /* Debug */ = {
			isa = XCBuildConfiguration;
			buildSettings = {
				ALWAYS_SEARCH_USER_PATHS = NO;
				CLANG_ANALYZER_NONNULL = YES;
				CLANG_ANALYZER_NUMBER_OBJECT_CONVERSION = YES_AGGRESSIVE;
				CLANG_CXX_LANGUAGE_STANDARD = "gnu++14";
				CLANG_CXX_LIBRARY = "libc++";
				CLANG_ENABLE_MODULES = YES;
				CLANG_ENABLE_OBJC_ARC = YES;
				CLANG_ENABLE_OBJC_WEAK = YES;
				CLANG_WARN_BLOCK_CAPTURE_AUTORELEASING = YES;
				CLANG_WARN_BOOL_CONVERSION = YES;
				CLANG_WARN_COMMA = YES;
				CLANG_WARN_CONSTANT_CONVERSION = YES;
				CLANG_WARN_DEPRECATED_OBJC_IMPLEMENTATIONS = YES;
				CLANG_WARN_DIRECT_OBJC_ISA_USAGE = YES_ERROR;
				CLANG_WARN_DOCUMENTATION_COMMENTS = YES;
				CLANG_WARN_EMPTY_BODY = YES;
				CLANG_WARN_ENUM_CONVERSION = YES;
				CLANG_WARN_INFINITE_RECURSION = YES;
				CLANG_WARN_INT_CONVERSION = YES;
				CLANG_WARN_NON_LITERAL_NULL_CONVERSION = YES;
				CLANG_WARN_OBJC_IMPLICIT_RETAIN_SELF = YES;
				CLANG_WARN_OBJC_LITERAL_CONVERSION = YES;
				CLANG_WARN_OBJC_ROOT_CLASS = YES_ERROR;
				CLANG_WARN_RANGE_LOOP_ANALYSIS = YES;
				CLANG_WARN_STRICT_PROTOTYPES = YES;
				CLANG_WARN_SUSPICIOUS_MOVE = YES;
				CLANG_WARN_UNGUARDED_AVAILABILITY = YES_AGGRESSIVE;
				CLANG_WARN_UNREACHABLE_CODE = YES;
				CLANG_WARN__DUPLICATE_METHOD_MATCH = YES;
				CODE_SIGN_IDENTITY = "iPhone Developer";
				COPY_PHASE_STRIP = NO;
				DEBUG_INFORMATION_FORMAT = dwarf;
				ENABLE_STRICT_OBJC_MSGSEND = YES;
				ENABLE_TESTABILITY = YES;
				GCC_C_LANGUAGE_STANDARD = gnu11;
				GCC_DYNAMIC_NO_PIC = NO;
				GCC_NO_COMMON_BLOCKS = YES;
				GCC_OPTIMIZATION_LEVEL = 0;
				GCC_PREPROCESSOR_DEFINITIONS = (
					"DEBUG=1",
					"$(inherited)",
				);
				GCC_WARN_64_TO_32_BIT_CONVERSION = YES;
				GCC_WARN_ABOUT_RETURN_TYPE = YES_ERROR;
				GCC_WARN_UNDECLARED_SELECTOR = YES;
				GCC_WARN_UNINITIALIZED_AUTOS = YES_AGGRESSIVE;
				GCC_WARN_UNUSED_FUNCTION = YES;
				GCC_WARN_UNUSED_VARIABLE = YES;
				IPHONEOS_DEPLOYMENT_TARGET = 11.3;
				MTL_ENABLE_DEBUG_INFO = YES;
				ONLY_ACTIVE_ARCH = YES;
				SDKROOT = iphoneos;
				SWIFT_ACTIVE_COMPILATION_CONDITIONS = DEBUG;
				SWIFT_OPTIMIZATION_LEVEL = "-Onone";
			};
			name = Debug;
		};
		A0C1FD2720A94C6A00039005 /* Release */ = {
			isa = XCBuildConfiguration;
			buildSettings = {
				ALWAYS_SEARCH_USER_PATHS = NO;
				CLANG_ANALYZER_NONNULL = YES;
				CLANG_ANALYZER_NUMBER_OBJECT_CONVERSION = YES_AGGRESSIVE;
				CLANG_CXX_LANGUAGE_STANDARD = "gnu++14";
				CLANG_CXX_LIBRARY = "libc++";
				CLANG_ENABLE_MODULES = YES;
				CLANG_ENABLE_OBJC_ARC = YES;
				CLANG_ENABLE_OBJC_WEAK = YES;
				CLANG_WARN_BLOCK_CAPTURE_AUTORELEASING = YES;
				CLANG_WARN_BOOL_CONVERSION = YES;
				CLANG_WARN_COMMA = YES;
				CLANG_WARN_CONSTANT_CONVERSION = YES;
				CLANG_WARN_DEPRECATED_OBJC_IMPLEMENTATIONS = YES;
				CLANG_WARN_DIRECT_OBJC_ISA_USAGE = YES_ERROR;
				CLANG_WARN_DOCUMENTATION_COMMENTS = YES;
				CLANG_WARN_EMPTY_BODY = YES;
				CLANG_WARN_ENUM_CONVERSION = YES;
				CLANG_WARN_INFINITE_RECURSION = YES;
				CLANG_WARN_INT_CONVERSION = YES;
				CLANG_WARN_NON_LITERAL_NULL_CONVERSION = YES;
				CLANG_WARN_OBJC_IMPLICIT_RETAIN_SELF = YES;
				CLANG_WARN_OBJC_LITERAL_CONVERSION = YES;
				CLANG_WARN_OBJC_ROOT_CLASS = YES_ERROR;
				CLANG_WARN_RANGE_LOOP_ANALYSIS = YES;
				CLANG_WARN_STRICT_PROTOTYPES = YES;
				CLANG_WARN_SUSPICIOUS_MOVE = YES;
				CLANG_WARN_UNGUARDED_AVAILABILITY = YES_AGGRESSIVE;
				CLANG_WARN_UNREACHABLE_CODE = YES;
				CLANG_WARN__DUPLICATE_METHOD_MATCH = YES;
				CODE_SIGN_IDENTITY = "iPhone Developer";
				COPY_PHASE_STRIP = NO;
				DEBUG_INFORMATION_FORMAT = "dwarf-with-dsym";
				ENABLE_NS_ASSERTIONS = NO;
				ENABLE_STRICT_OBJC_MSGSEND = YES;
				GCC_C_LANGUAGE_STANDARD = gnu11;
				GCC_NO_COMMON_BLOCKS = YES;
				GCC_WARN_64_TO_32_BIT_CONVERSION = YES;
				GCC_WARN_ABOUT_RETURN_TYPE = YES_ERROR;
				GCC_WARN_UNDECLARED_SELECTOR = YES;
				GCC_WARN_UNINITIALIZED_AUTOS = YES_AGGRESSIVE;
				GCC_WARN_UNUSED_FUNCTION = YES;
				GCC_WARN_UNUSED_VARIABLE = YES;
				IPHONEOS_DEPLOYMENT_TARGET = 11.3;
				MTL_ENABLE_DEBUG_INFO = NO;
				SDKROOT = iphoneos;
				SWIFT_COMPILATION_MODE = wholemodule;
				SWIFT_OPTIMIZATION_LEVEL = "-O";
				VALIDATE_PRODUCT = YES;
			};
			name = Release;
		};
		A0C1FD2920A94C6A00039005 /* Debug */ = {
			isa = XCBuildConfiguration;
			buildSettings = {
				ASSETCATALOG_COMPILER_APPICON_NAME = AppIcon;
				CODE_SIGN_STYLE = Automatic;
				DEVELOPMENT_TEAM = 6Q5XPKVQP8;
				INFOPLIST_FILE = BinaryCounter/Info.plist;
				LD_RUNPATH_SEARCH_PATHS = (
					"$(inherited)",
					"@executable_path/Frameworks",
				);
				PRODUCT_BUNDLE_IDENTIFIER = com.alanchen.BinaryCounter;
				PRODUCT_NAME = "$(TARGET_NAME)";
				SWIFT_VERSION = 4.0;
				TARGETED_DEVICE_FAMILY = "1,2";
			};
			name = Debug;
		};
		A0C1FD2A20A94C6A00039005 /* Release */ = {
			isa = XCBuildConfiguration;
			buildSettings = {
				ASSETCATALOG_COMPILER_APPICON_NAME = AppIcon;
				CODE_SIGN_STYLE = Automatic;
				DEVELOPMENT_TEAM = 6Q5XPKVQP8;
				INFOPLIST_FILE = BinaryCounter/Info.plist;
				LD_RUNPATH_SEARCH_PATHS = (
					"$(inherited)",
					"@executable_path/Frameworks",
				);
				PRODUCT_BUNDLE_IDENTIFIER = com.alanchen.BinaryCounter;
				PRODUCT_NAME = "$(TARGET_NAME)";
				SWIFT_VERSION = 4.0;
				TARGETED_DEVICE_FAMILY = "1,2";
			};
			name = Release;
		};
		A0C1FD2C20A94C6A00039005 /* Debug */ = {
			isa = XCBuildConfiguration;
			buildSettings = {
				ALWAYS_EMBED_SWIFT_STANDARD_LIBRARIES = YES;
				BUNDLE_LOADER = "$(TEST_HOST)";
				CODE_SIGN_STYLE = Automatic;
				DEVELOPMENT_TEAM = 6Q5XPKVQP8;
				INFOPLIST_FILE = BinaryCounterTests/Info.plist;
				LD_RUNPATH_SEARCH_PATHS = (
					"$(inherited)",
					"@executable_path/Frameworks",
					"@loader_path/Frameworks",
				);
				PRODUCT_BUNDLE_IDENTIFIER = com.alanchen.BinaryCounterTests;
				PRODUCT_NAME = "$(TARGET_NAME)";
				SWIFT_VERSION = 4.0;
				TARGETED_DEVICE_FAMILY = "1,2";
				TEST_HOST = "$(BUILT_PRODUCTS_DIR)/BinaryCounter.app/BinaryCounter";
			};
			name = Debug;
		};
		A0C1FD2D20A94C6A00039005 /* Release */ = {
			isa = XCBuildConfiguration;
			buildSettings = {
				ALWAYS_EMBED_SWIFT_STANDARD_LIBRARIES = YES;
				BUNDLE_LOADER = "$(TEST_HOST)";
				CODE_SIGN_STYLE = Automatic;
				DEVELOPMENT_TEAM = 6Q5XPKVQP8;
				INFOPLIST_FILE = BinaryCounterTests/Info.plist;
				LD_RUNPATH_SEARCH_PATHS = (
					"$(inherited)",
					"@executable_path/Frameworks",
					"@loader_path/Frameworks",
				);
				PRODUCT_BUNDLE_IDENTIFIER = com.alanchen.BinaryCounterTests;
				PRODUCT_NAME = "$(TARGET_NAME)";
				SWIFT_VERSION = 4.0;
				TARGETED_DEVICE_FAMILY = "1,2";
				TEST_HOST = "$(BUILT_PRODUCTS_DIR)/BinaryCounter.app/BinaryCounter";
			};
			name = Release;
		};
		A0C1FD2F20A94C6A00039005 /* Debug */ = {
			isa = XCBuildConfiguration;
			buildSettings = {
				ALWAYS_EMBED_SWIFT_STANDARD_LIBRARIES = YES;
				CODE_SIGN_STYLE = Automatic;
				DEVELOPMENT_TEAM = 6Q5XPKVQP8;
				INFOPLIST_FILE = BinaryCounterUITests/Info.plist;
				LD_RUNPATH_SEARCH_PATHS = (
					"$(inherited)",
					"@executable_path/Frameworks",
					"@loader_path/Frameworks",
				);
				PRODUCT_BUNDLE_IDENTIFIER = com.alanchen.BinaryCounterUITests;
				PRODUCT_NAME = "$(TARGET_NAME)";
				SWIFT_VERSION = 4.0;
				TARGETED_DEVICE_FAMILY = "1,2";
				TEST_TARGET_NAME = BinaryCounter;
			};
			name = Debug;
		};
		A0C1FD3020A94C6A00039005 /* Release */ = {
			isa = XCBuildConfiguration;
			buildSettings = {
				ALWAYS_EMBED_SWIFT_STANDARD_LIBRARIES = YES;
				CODE_SIGN_STYLE = Automatic;
				DEVELOPMENT_TEAM = 6Q5XPKVQP8;
				INFOPLIST_FILE = BinaryCounterUITests/Info.plist;
				LD_RUNPATH_SEARCH_PATHS = (
					"$(inherited)",
					"@executable_path/Frameworks",
					"@loader_path/Frameworks",
				);
				PRODUCT_BUNDLE_IDENTIFIER = com.alanchen.BinaryCounterUITests;
				PRODUCT_NAME = "$(TARGET_NAME)";
				SWIFT_VERSION = 4.0;
				TARGETED_DEVICE_FAMILY = "1,2";
				TEST_TARGET_NAME = BinaryCounter;
			};
			name = Release;
		};
/* End XCBuildConfiguration section */

/* Begin XCConfigurationList section */
		A0C1FCFB20A94C6800039005 /* Build configuration list for PBXProject "BinaryCounter" */ = {
			isa = XCConfigurationList;
			buildConfigurations = (
				A0C1FD2620A94C6A00039005 /* Debug */,
				A0C1FD2720A94C6A00039005 /* Release */,
			);
			defaultConfigurationIsVisible = 0;
			defaultConfigurationName = Release;
		};
		A0C1FD2820A94C6A00039005 /* Build configuration list for PBXNativeTarget "BinaryCounter" */ = {
			isa = XCConfigurationList;
			buildConfigurations = (
				A0C1FD2920A94C6A00039005 /* Debug */,
				A0C1FD2A20A94C6A00039005 /* Release */,
			);
			defaultConfigurationIsVisible = 0;
			defaultConfigurationName = Release;
		};
		A0C1FD2B20A94C6A00039005 /* Build configuration list for PBXNativeTarget "BinaryCounterTests" */ = {
			isa = XCConfigurationList;
			buildConfigurations = (
				A0C1FD2C20A94C6A00039005 /* Debug */,
				A0C1FD2D20A94C6A00039005 /* Release */,
			);
			defaultConfigurationIsVisible = 0;
			defaultConfigurationName = Release;
		};
		A0C1FD2E20A94C6A00039005 /* Build configuration list for PBXNativeTarget "BinaryCounterUITests" */ = {
			isa = XCConfigurationList;
			buildConfigurations = (
				A0C1FD2F20A94C6A00039005 /* Debug */,
				A0C1FD3020A94C6A00039005 /* Release */,
			);
			defaultConfigurationIsVisible = 0;
			defaultConfigurationName = Release;
		};
/* End XCConfigurationList section */
	};
	rootObject = A0C1FCF820A94C6800039005 /* Project object */;
}
